
Microsoft Visual Studio Solution File, Format Version 12.00
# Visual Studio Version 17
VisualStudioVersion = 17.7.34202.233
MinimumVisualStudioVersion = 10.0.40219.1
Project("{8BC9CEB8-8B4A-11D0-8D11-00A0C91BC942}") = "UcheHadassah3_1b", "UcheHadassah3_1b\UcheHadassah3_1b.vcxproj", "{3C265E1C-AD43-43EB-8A1A-6867AB12669D}"
EndProject
Global
	GlobalSection(SolutionConfigurationPlatforms) = preSolution
		Debug|x64 = Debug|x64
		Debug|x86 = Debug|x86
		Release|x64 = Release|x64
		Release|x86 = Release|x86
	EndGlobalSection
	GlobalSection(ProjectConfigurationPlatforms) = postSolution
		{3C265E1C-AD43-43EB-8A1A-6867AB12669D}.Debug|x64.ActiveCfg = Debug|x64
		{3C265E1C-AD43-43EB-8A1A-6867AB12669D}.Debug|x64.Build.0 = Debug|x64
		{3C265E1C-AD43-43EB-8A1A-6867AB12669D}.Debug|x86.ActiveCfg = Debug|Win32
		{3C265E1C-AD43-43EB-8A1A-6867AB12669D}.Debug|x86.Build.0 = Debug|Win32
		{3C265E1C-AD43-43EB-8A1A-6867AB12669D}.Release|x64.ActiveCfg = Release|x64
		{3C265E1C-AD43-43EB-8A1A-6867AB12669D}.Release|x64.Build.0 = Release|x64
		{3C265E1C-AD43-43EB-8A1A-6867AB12669D}.Release|x86.ActiveCfg = Release|Win32
		{3C265E1C-AD43-43EB-8A1A-6867AB12669D}.Release|x86.Build.0 = Release|Win32
	EndGlobalSection
	GlobalSection(SolutionProperties) = preSolution
		HideSolutionNode = FALSE
	EndGlobalSection
	GlobalSection(ExtensibilityGlobals) = postSolution
		SolutionGuid = {5828FBB0-0F6E-45BB-8924-9AB1C86B6413}
	EndGlobalSection
EndGlobal
